
Microsoft Visual Studio Solution File, Format Version 12.00
# Visual Studio Version 16
VisualStudioVersion = 16.0.30114.105
MinimumVisualStudioVersion = 10.0.40219.1
Project("{2150E333-8FDC-42A3-9474-1A3956D46DE8}") = "1.Host", "1.Host", "{B7D3BAD6-27A0-4E21-A026-4C8A880C8459}"
EndProject
Project("{FAE04EC0-301F-11D3-BF4B-00C04F79EFBC}") = "DesafioTDD.api", "1.Host\DesafioTDD.api\DesafioTDD.api.csproj", "{AA30FC67-72E5-41F8-9F80-A741729E485B}"
EndProject
Project("{2150E333-8FDC-42A3-9474-1A3956D46DE8}") = "2.Application", "2.Application", "{44B5CDA9-C2E8-4C17-AAB4-360A5E3D6DF6}"
EndProject
Project("{FAE04EC0-301F-11D3-BF4B-00C04F79EFBC}") = "DesafioTDD.application", "2.Application\DesafioTDD.application\DesafioTDD.application.csproj", "{B5CB8C2B-556C-4E5E-A326-2AC50194542A}"
EndProject
Project("{2150E333-8FDC-42A3-9474-1A3956D46DE8}") = "3.Domain", "3.Domain", "{B1FB5AF9-3622-4DB5-836A-A0C63766B546}"
EndProject
Project("{FAE04EC0-301F-11D3-BF4B-00C04F79EFBC}") = "DesafioTDD.domain", "3.Domain\DesafioTDD.domain\DesafioTDD.domain.csproj", "{0CF1C5EA-4271-4953-9536-CF5F1F83A4FD}"
EndProject
Project("{2150E333-8FDC-42A3-9474-1A3956D46DE8}") = "4.Infra", "4.Infra", "{3C634373-E885-4423-A78D-52681B30BAEE}"
EndProject
Project("{FAE04EC0-301F-11D3-BF4B-00C04F79EFBC}") = "DesafioTDD.infra", "4.Infra\DesafioTDD.infra\DesafioTDD.infra.csproj", "{98B631EE-AAB5-4D9C-9955-8E427CE3453C}"
EndProject
Project("{2150E333-8FDC-42A3-9474-1A3956D46DE8}") = "5.Tests", "5.Tests", "{90F50166-F21B-46CE-B79D-21993BED01F9}"
EndProject
Project("{FAE04EC0-301F-11D3-BF4B-00C04F79EFBC}") = "DesafioTDD.tests", "5.Tests\DesafioTDD.tests\DesafioTDD.tests.csproj", "{D85F4BA2-B292-4E01-B5C8-8C4362D16688}"
EndProject
Global
	GlobalSection(SolutionConfigurationPlatforms) = preSolution
		Debug|Any CPU = Debug|Any CPU
		Debug|x64 = Debug|x64
		Debug|x86 = Debug|x86
		Release|Any CPU = Release|Any CPU
		Release|x64 = Release|x64
		Release|x86 = Release|x86
	EndGlobalSection
	GlobalSection(SolutionProperties) = preSolution
		HideSolutionNode = FALSE
	EndGlobalSection
	GlobalSection(ProjectConfigurationPlatforms) = postSolution
		{AA30FC67-72E5-41F8-9F80-A741729E485B}.Debug|Any CPU.ActiveCfg = Debug|Any CPU
		{AA30FC67-72E5-41F8-9F80-A741729E485B}.Debug|Any CPU.Build.0 = Debug|Any CPU
		{AA30FC67-72E5-41F8-9F80-A741729E485B}.Debug|x64.ActiveCfg = Debug|Any CPU
		{AA30FC67-72E5-41F8-9F80-A741729E485B}.Debug|x64.Build.0 = Debug|Any CPU
		{AA30FC67-72E5-41F8-9F80-A741729E485B}.Debug|x86.ActiveCfg = Debug|Any CPU
		{AA30FC67-72E5-41F8-9F80-A741729E485B}.Debug|x86.Build.0 = Debug|Any CPU
		{AA30FC67-72E5-41F8-9F80-A741729E485B}.Release|Any CPU.ActiveCfg = Release|Any CPU
		{AA30FC67-72E5-41F8-9F80-A741729E485B}.Release|Any CPU.Build.0 = Release|Any CPU
		{AA30FC67-72E5-41F8-9F80-A741729E485B}.Release|x64.ActiveCfg = Release|Any CPU
		{AA30FC67-72E5-41F8-9F80-A741729E485B}.Release|x64.Build.0 = Release|Any CPU
		{AA30FC67-72E5-41F8-9F80-A741729E485B}.Release|x86.ActiveCfg = Release|Any CPU
		{AA30FC67-72E5-41F8-9F80-A741729E485B}.Release|x86.Build.0 = Release|Any CPU
		{B5CB8C2B-556C-4E5E-A326-2AC50194542A}.Debug|Any CPU.ActiveCfg = Debug|Any CPU
		{B5CB8C2B-556C-4E5E-A326-2AC50194542A}.Debug|Any CPU.Build.0 = Debug|Any CPU
		{B5CB8C2B-556C-4E5E-A326-2AC50194542A}.Debug|x64.ActiveCfg = Debug|Any CPU
		{B5CB8C2B-556C-4E5E-A326-2AC50194542A}.Debug|x64.Build.0 = Debug|Any CPU
		{B5CB8C2B-556C-4E5E-A326-2AC50194542A}.Debug|x86.ActiveCfg = Debug|Any CPU
		{B5CB8C2B-556C-4E5E-A326-2AC50194542A}.Debug|x86.Build.0 = Debug|Any CPU
		{B5CB8C2B-556C-4E5E-A326-2AC50194542A}.Release|Any CPU.ActiveCfg = Release|Any CPU
		{B5CB8C2B-556C-4E5E-A326-2AC50194542A}.Release|Any CPU.Build.0 = Release|Any CPU
		{B5CB8C2B-556C-4E5E-A326-2AC50194542A}.Release|x64.ActiveCfg = Release|Any CPU
		{B5CB8C2B-556C-4E5E-A326-2AC50194542A}.Release|x64.Build.0 = Release|Any CPU
		{B5CB8C2B-556C-4E5E-A326-2AC50194542A}.Release|x86.ActiveCfg = Release|Any CPU
		{B5CB8C2B-556C-4E5E-A326-2AC50194542A}.Release|x86.Build.0 = Release|Any CPU
		{0CF1C5EA-4271-4953-9536-CF5F1F83A4FD}.Debug|Any CPU.ActiveCfg = Debug|Any CPU
		{0CF1C5EA-4271-4953-9536-CF5F1F83A4FD}.Debug|Any CPU.Build.0 = Debug|Any CPU
		{0CF1C5EA-4271-4953-9536-CF5F1F83A4FD}.Debug|x64.ActiveCfg = Debug|Any CPU
		{0CF1C5EA-4271-4953-9536-CF5F1F83A4FD}.Debug|x64.Build.0 = Debug|Any CPU
		{0CF1C5EA-4271-4953-9536-CF5F1F83A4FD}.Debug|x86.ActiveCfg = Debug|Any CPU
		{0CF1C5EA-4271-4953-9536-CF5F1F83A4FD}.Debug|x86.Build.0 = Debug|Any CPU
		{0CF1C5EA-4271-4953-9536-CF5F1F83A4FD}.Release|Any CPU.ActiveCfg = Release|Any CPU
		{0CF1C5EA-4271-4953-9536-CF5F1F83A4FD}.Release|Any CPU.Build.0 = Release|Any CPU
		{0CF1C5EA-4271-4953-9536-CF5F1F83A4FD}.Release|x64.ActiveCfg = Release|Any CPU
		{0CF1C5EA-4271-4953-9536-CF5F1F83A4FD}.Release|x64.Build.0 = Release|Any CPU
		{0CF1C5EA-4271-4953-9536-CF5F1F83A4FD}.Release|x86.ActiveCfg = Release|Any CPU
		{0CF1C5EA-4271-4953-9536-CF5F1F83A4FD}.Release|x86.Build.0 = Release|Any CPU
		{98B631EE-AAB5-4D9C-9955-8E427CE3453C}.Debug|Any CPU.ActiveCfg = Debug|Any CPU
		{98B631EE-AAB5-4D9C-9955-8E427CE3453C}.Debug|Any CPU.Build.0 = Debug|Any CPU
		{98B631EE-AAB5-4D9C-9955-8E427CE3453C}.Debug|x64.ActiveCfg = Debug|Any CPU
		{98B631EE-AAB5-4D9C-9955-8E427CE3453C}.Debug|x64.Build.0 = Debug|Any CPU
		{98B631EE-AAB5-4D9C-9955-8E427CE3453C}.Debug|x86.ActiveCfg = Debug|Any CPU
		{98B631EE-AAB5-4D9C-9955-8E427CE3453C}.Debug|x86.Build.0 = Debug|Any CPU
		{98B631EE-AAB5-4D9C-9955-8E427CE3453C}.Release|Any CPU.ActiveCfg = Release|Any CPU
		{98B631EE-AAB5-4D9C-9955-8E427CE3453C}.Release|Any CPU.Build.0 = Release|Any CPU
		{98B631EE-AAB5-4D9C-9955-8E427CE3453C}.Release|x64.ActiveCfg = Release|Any CPU
		{98B631EE-AAB5-4D9C-9955-8E427CE3453C}.Release|x64.Build.0 = Release|Any CPU
		{98B631EE-AAB5-4D9C-9955-8E427CE3453C}.Release|x86.ActiveCfg = Release|Any CPU
		{98B631EE-AAB5-4D9C-9955-8E427CE3453C}.Release|x86.Build.0 = Release|Any CPU
		{D85F4BA2-B292-4E01-B5C8-8C4362D16688}.Debug|Any CPU.ActiveCfg = Debug|Any CPU
		{D85F4BA2-B292-4E01-B5C8-8C4362D16688}.Debug|Any CPU.Build.0 = Debug|Any CPU
		{D85F4BA2-B292-4E01-B5C8-8C4362D16688}.Debug|x64.ActiveCfg = Debug|Any CPU
		{D85F4BA2-B292-4E01-B5C8-8C4362D16688}.Debug|x64.Build.0 = Debug|Any CPU
		{D85F4BA2-B292-4E01-B5C8-8C4362D16688}.Debug|x86.ActiveCfg = Debug|Any CPU
		{D85F4BA2-B292-4E01-B5C8-8C4362D16688}.Debug|x86.Build.0 = Debug|Any CPU
		{D85F4BA2-B292-4E01-B5C8-8C4362D16688}.Release|Any CPU.ActiveCfg = Release|Any CPU
		{D85F4BA2-B292-4E01-B5C8-8C4362D16688}.Release|Any CPU.Build.0 = Release|Any CPU
		{D85F4BA2-B292-4E01-B5C8-8C4362D16688}.Release|x64.ActiveCfg = Release|Any CPU
		{D85F4BA2-B292-4E01-B5C8-8C4362D16688}.Release|x64.Build.0 = Release|Any CPU
		{D85F4BA2-B292-4E01-B5C8-8C4362D16688}.Release|x86.ActiveCfg = Release|Any CPU
		{D85F4BA2-B292-4E01-B5C8-8C4362D16688}.Release|x86.Build.0 = Release|Any CPU
	EndGlobalSection
	GlobalSection(NestedProjects) = preSolution
		{AA30FC67-72E5-41F8-9F80-A741729E485B} = {B7D3BAD6-27A0-4E21-A026-4C8A880C8459}
		{B5CB8C2B-556C-4E5E-A326-2AC50194542A} = {44B5CDA9-C2E8-4C17-AAB4-360A5E3D6DF6}
		{0CF1C5EA-4271-4953-9536-CF5F1F83A4FD} = {B1FB5AF9-3622-4DB5-836A-A0C63766B546}
		{98B631EE-AAB5-4D9C-9955-8E427CE3453C} = {3C634373-E885-4423-A78D-52681B30BAEE}
		{D85F4BA2-B292-4E01-B5C8-8C4362D16688} = {90F50166-F21B-46CE-B79D-21993BED01F9}
	EndGlobalSection
EndGlobal
